
Microsoft Visual Studio Solution File, Format Version 12.00
# Visual Studio Version 16
VisualStudioVersion = 16.0.31729.503
MinimumVisualStudioVersion = 10.0.40219.1
Project("{8BC9CEB8-8B4A-11D0-8D11-00A0C91BC942}") = "CallMon", "CallMon.vcxproj", "{8556704C-F094-464C-BC50-9156A1B36CC2}"
EndProject
Project("{8BC9CEB8-8B4A-11D0-8D11-00A0C91BC942}") = "test", "test\Test.vcxproj", "{16842C45-EDB0-48A2-B80D-DA1AED636C26}"
EndProject
Project("{8BC9CEB8-8B4A-11D0-8D11-00A0C91BC942}") = "test1", "test1\test1.vcxproj", "{A4F92ACB-4E84-44DB-9E91-417546F68105}"
EndProject
Project("{8BC9CEB8-8B4A-11D0-8D11-00A0C91BC942}") = "code_stl_03_1_CallMon_debug_parent", "code_stl_03_1_CallMon_debug_parent\code_stl_03_1_CallMon_debug_parent.vcxproj", "{58E58B5D-C56D-4C97-9FBA-4FBD8568DDB3}"
EndProject
Global
	GlobalSection(SolutionConfigurationPlatforms) = preSolution
		Debug|x64 = Debug|x64
		Debug|x86 = Debug|x86
		Release|x64 = Release|x64
		Release|x86 = Release|x86
		Template|x64 = Template|x64
		Template|x86 = Template|x86
	EndGlobalSection
	GlobalSection(ProjectConfigurationPlatforms) = postSolution
		{8556704C-F094-464C-BC50-9156A1B36CC2}.Debug|x64.ActiveCfg = Debug|Win32
		{8556704C-F094-464C-BC50-9156A1B36CC2}.Debug|x86.ActiveCfg = Debug|Win32
		{8556704C-F094-464C-BC50-9156A1B36CC2}.Debug|x86.Build.0 = Debug|Win32
		{8556704C-F094-464C-BC50-9156A1B36CC2}.Release|x64.ActiveCfg = Release|Win32
		{8556704C-F094-464C-BC50-9156A1B36CC2}.Release|x86.ActiveCfg = Release|Win32
		{8556704C-F094-464C-BC50-9156A1B36CC2}.Release|x86.Build.0 = Release|Win32
		{8556704C-F094-464C-BC50-9156A1B36CC2}.Template|x64.ActiveCfg = Release|Win32
		{8556704C-F094-464C-BC50-9156A1B36CC2}.Template|x64.Build.0 = Release|Win32
		{8556704C-F094-464C-BC50-9156A1B36CC2}.Template|x86.ActiveCfg = Debug|Win32
		{8556704C-F094-464C-BC50-9156A1B36CC2}.Template|x86.Build.0 = Debug|Win32
		{16842C45-EDB0-48A2-B80D-DA1AED636C26}.Debug|x64.ActiveCfg = Debug|Win32
		{16842C45-EDB0-48A2-B80D-DA1AED636C26}.Debug|x86.ActiveCfg = Debug|Win32
		{16842C45-EDB0-48A2-B80D-DA1AED636C26}.Debug|x86.Build.0 = Debug|Win32
		{16842C45-EDB0-48A2-B80D-DA1AED636C26}.Release|x64.ActiveCfg = Release|Win32
		{16842C45-EDB0-48A2-B80D-DA1AED636C26}.Release|x86.ActiveCfg = Release|Win32
		{16842C45-EDB0-48A2-B80D-DA1AED636C26}.Release|x86.Build.0 = Release|Win32
		{16842C45-EDB0-48A2-B80D-DA1AED636C26}.Template|x64.ActiveCfg = Template|Win32
		{16842C45-EDB0-48A2-B80D-DA1AED636C26}.Template|x86.ActiveCfg = Template|Win32
		{16842C45-EDB0-48A2-B80D-DA1AED636C26}.Template|x86.Build.0 = Template|Win32
		{A4F92ACB-4E84-44DB-9E91-417546F68105}.Debug|x64.ActiveCfg = Debug|x64
		{A4F92ACB-4E84-44DB-9E91-417546F68105}.Debug|x64.Build.0 = Debug|x64
		{A4F92ACB-4E84-44DB-9E91-417546F68105}.Debug|x86.ActiveCfg = Debug|Win32
		{A4F92ACB-4E84-44DB-9E91-417546F68105}.Debug|x86.Build.0 = Debug|Win32
		{A4F92ACB-4E84-44DB-9E91-417546F68105}.Release|x64.ActiveCfg = Release|x64
		{A4F92ACB-4E84-44DB-9E91-417546F68105}.Release|x64.Build.0 = Release|x64
		{A4F92ACB-4E84-44DB-9E91-417546F68105}.Release|x86.ActiveCfg = Release|Win32
		{A4F92ACB-4E84-44DB-9E91-417546F68105}.Release|x86.Build.0 = Release|Win32
		{A4F92ACB-4E84-44DB-9E91-417546F68105}.Template|x64.ActiveCfg = Debug|x64
		{A4F92ACB-4E84-44DB-9E91-417546F68105}.Template|x64.Build.0 = Debug|x64
		{A4F92ACB-4E84-44DB-9E91-417546F68105}.Template|x86.ActiveCfg = Debug|Win32
		{A4F92ACB-4E84-44DB-9E91-417546F68105}.Template|x86.Build.0 = Debug|Win32
		{58E58B5D-C56D-4C97-9FBA-4FBD8568DDB3}.Debug|x64.ActiveCfg = Debug|x64
		{58E58B5D-C56D-4C97-9FBA-4FBD8568DDB3}.Debug|x64.Build.0 = Debug|x64
		{58E58B5D-C56D-4C97-9FBA-4FBD8568DDB3}.Debug|x86.ActiveCfg = Debug|Win32
		{58E58B5D-C56D-4C97-9FBA-4FBD8568DDB3}.Debug|x86.Build.0 = Debug|Win32
		{58E58B5D-C56D-4C97-9FBA-4FBD8568DDB3}.Release|x64.ActiveCfg = Release|x64
		{58E58B5D-C56D-4C97-9FBA-4FBD8568DDB3}.Release|x64.Build.0 = Release|x64
		{58E58B5D-C56D-4C97-9FBA-4FBD8568DDB3}.Release|x86.ActiveCfg = Release|Win32
		{58E58B5D-C56D-4C97-9FBA-4FBD8568DDB3}.Release|x86.Build.0 = Release|Win32
		{58E58B5D-C56D-4C97-9FBA-4FBD8568DDB3}.Template|x64.ActiveCfg = Debug|x64
		{58E58B5D-C56D-4C97-9FBA-4FBD8568DDB3}.Template|x64.Build.0 = Debug|x64
		{58E58B5D-C56D-4C97-9FBA-4FBD8568DDB3}.Template|x86.ActiveCfg = Debug|Win32
		{58E58B5D-C56D-4C97-9FBA-4FBD8568DDB3}.Template|x86.Build.0 = Debug|Win32
	EndGlobalSection
	GlobalSection(SolutionProperties) = preSolution
		HideSolutionNode = FALSE
	EndGlobalSection
	GlobalSection(ExtensibilityGlobals) = postSolution
		SolutionGuid = {68440167-81E9-4C40-83EC-B29463E6732E}
	EndGlobalSection
EndGlobal
